
Microsoft Visual Studio Solution File, Format Version 12.00
# Visual Studio Version 17
VisualStudioVersion = 17.7.34031.279
MinimumVisualStudioVersion = 10.0.40219.1
Project("{FAE04EC0-301F-11D3-BF4B-00C04F79EFBC}") = "BookManager.Tests", "BookManager.Tests.csproj", "{B4200779-C01E-40F9-9D27-B5D386AA1F25}"
EndProject
Global
	GlobalSection(SolutionConfigurationPlatforms) = preSolution
		Debug|Any CPU = Debug|Any CPU
		Release|Any CPU = Release|Any CPU
	EndGlobalSection
	GlobalSection(ProjectConfigurationPlatforms) = postSolution
		{B4200779-C01E-40F9-9D27-B5D386AA1F25}.Debug|Any CPU.ActiveCfg = Debug|Any CPU
		{B4200779-C01E-40F9-9D27-B5D386AA1F25}.Debug|Any CPU.Build.0 = Debug|Any CPU
		{B4200779-C01E-40F9-9D27-B5D386AA1F25}.Release|Any CPU.ActiveCfg = Release|Any CPU
		{B4200779-C01E-40F9-9D27-B5D386AA1F25}.Release|Any CPU.Build.0 = Release|Any CPU
	EndGlobalSection
	GlobalSection(SolutionProperties) = preSolution
		HideSolutionNode = FALSE
	EndGlobalSection
	GlobalSection(ExtensibilityGlobals) = postSolution
		SolutionGuid = {FDF7C624-3FB2-4848-90F0-9F0A0F216129}
	EndGlobalSection
EndGlobal
